// !$*UTF8*$!
{
	archiveVersion = 1;
	classes = {
	};
	objectVersion = 46;
	objects = {

/* Begin PBXBuildFile section */
		3B3CECF81D181B94007AE1EC /* UIKit.framework in Frameworks */ = {isa = PBXBuildFile; fileRef = 3B3CECF71D181B94007AE1EC /* UIKit.framework */; };
		3B3CECFA1D181B94007AE1EC /* Foundation.framework in Frameworks */ = {isa = PBXBuildFile; fileRef = 3B3CECF91D181B94007AE1EC /* Foundation.framework */; };
		3B3CECFC1D181B94007AE1EC /* CoreGraphics.framework in Frameworks */ = {isa = PBXBuildFile; fileRef = 3B3CECFB1D181B94007AE1EC /* CoreGraphics.framework */; };
		3B3CED021D181B94007AE1EC /* InfoPlist.strings in Resources */ = {isa = PBXBuildFile; fileRef = 3B3CED001D181B94007AE1EC /* InfoPlist.strings */; };
		3B3CED041D181B94007AE1EC /* main.m in Sources */ = {isa = PBXBuildFile; fileRef = 3B3CED031D181B94007AE1EC /* main.m */; };
		3B3CED081D181B94007AE1EC /* AppDelegate.m in Sources */ = {isa = PBXBuildFile; fileRef = 3B3CED071D181B94007AE1EC /* AppDelegate.m */; };
		3B3CED0A1D181B94007AE1EC /* Default.png in Resources */ = {isa = PBXBuildFile; fileRef = 3B3CED091D181B94007AE1EC /* Default.png */; };
		3B3CED0C1D181B94007AE1EC /* Default@2x.png in Resources */ = {isa = PBXBuildFile; fileRef = 3B3CED0B1D181B94007AE1EC /* Default@2x.png */; };
		3B3CED0E1D181B94007AE1EC /* Default-568h@2x.png in Resources */ = {isa = PBXBuildFile; fileRef = 3B3CED0D1D181B94007AE1EC /* Default-568h@2x.png */; };
		3B3CED111D181B94007AE1EC /* ViewController.m in Sources */ = {isa = PBXBuildFile; fileRef = 3B3CED101D181B94007AE1EC /* ViewController.m */; };
		3B3CED141D181B94007AE1EC /* ViewController.xib in Resources */ = {isa = PBXBuildFile; fileRef = 3B3CED121D181B94007AE1EC /* ViewController.xib */; };
/* End PBXBuildFile section */

/* Begin PBXFileReference section */
		3B3CECF41D181B94007AE1EC /* NewVIPAiOS.app */ = {isa = PBXFileReference; explicitFileType = wrapper.application; includeInIndex = 0; path = NewVIPAiOS.app; sourceTree = BUILT_PRODUCTS_DIR; };
		3B3CECF71D181B94007AE1EC /* UIKit.framework */ = {isa = PBXFileReference; lastKnownFileType = wrapper.framework; name = UIKit.framework; path = System/Library/Frameworks/UIKit.framework; sourceTree = SDKROOT; };
		3B3CECF91D181B94007AE1EC /* Foundation.framework */ = {isa = PBXFileReference; lastKnownFileType = wrapper.framework; name = Foundation.framework; path = System/Library/Frameworks/Foundation.framework; sourceTree = SDKROOT; };
		3B3CECFB1D181B94007AE1EC /* CoreGraphics.framework */ = {isa = PBXFileReference; lastKnownFileType = wrapper.framework; name = CoreGraphics.framework; path = System/Library/Frameworks/CoreGraphics.framework; sourceTree = SDKROOT; };
		3B3CECFF1D181B94007AE1EC /* NewVIPAiOS-Info.plist */ = {isa = PBXFileReference; lastKnownFileType = text.plist.xml; path = "NewVIPAiOS-Info.plist"; sourceTree = "<group>"; };
		3B3CED011D181B94007AE1EC /* en */ = {isa = PBXFileReference; lastKnownFileType = text.plist.strings; name = en; path = en.lproj/InfoPlist.strings; sourceTree = "<group>"; };
		3B3CED031D181B94007AE1EC /* main.m */ = {isa = PBXFileReference; lastKnownFileType = sourcecode.c.objc; path = main.m; sourceTree = "<group>"; };
		3B3CED051D181B94007AE1EC /* NewVIPAiOS-Prefix.pch */ = {isa = PBXFileReference; lastKnownFileType = sourcecode.c.h; path = "NewVIPAiOS-Prefix.pch"; sourceTree = "<group>"; };
		3B3CED061D181B94007AE1EC /* AppDelegate.h */ = {isa = PBXFileReference; lastKnownFileType = sourcecode.c.h; path = AppDelegate.h; sourceTree = "<group>"; };
		3B3CED071D181B94007AE1EC /* AppDelegate.m */ = {isa = PBXFileReference; lastKnownFileType = sourcecode.c.objc; path = AppDelegate.m; sourceTree = "<group>"; };
		3B3CED091D181B94007AE1EC /* Default.png */ = {isa = PBXFileReference; lastKnownFileType = image.png; path = Default.png; sourceTree = "<group>"; };
		3B3CED0B1D181B94007AE1EC /* Default@2x.png */ = {isa = PBXFileReference; lastKnownFileType = image.png; path = "Default@2x.png"; sourceTree = "<group>"; };
		3B3CED0D1D181B94007AE1EC /* Default-568h@2x.png */ = {isa = PBXFileReference; lastKnownFileType = image.png; path = "Default-568h@2x.png"; sourceTree = "<group>"; };
		3B3CED0F1D181B94007AE1EC /* ViewController.h */ = {isa = PBXFileReference; lastKnownFileType = sourcecode.c.h; path = ViewController.h; sourceTree = "<group>"; };
		3B3CED101D181B94007AE1EC /* ViewController.m */ = {isa = PBXFileReference; lastKnownFileType = sourcecode.c.objc; path = ViewController.m; sourceTree = "<group>"; };
		3B3CED131D181B94007AE1EC /* en */ = {isa = PBXFileReference; lastKnownFileType = file.xib; name = en; path = en.lproj/ViewController.xib; sourceTree = "<group>"; };
/* End PBXFileReference section */

/* Begin PBXFrameworksBuildPhase section */
		3B3CECF11D181B94007AE1EC /* Frameworks */ = {
			isa = PBXFrameworksBuildPhase;
			buildActionMask = 2147483647;
			files = (
				3B3CECF81D181B94007AE1EC /* UIKit.framework in Frameworks */,
				3B3CECFA1D181B94007AE1EC /* Foundation.framework in Frameworks */,
				3B3CECFC1D181B94007AE1EC /* CoreGraphics.framework in Frameworks */,
			);
			runOnlyForDeploymentPostprocessing = 0;
		};
/* End PBXFrameworksBuildPhase section */

/* Begin PBXGroup section */
		3B3CECEB1D181B94007AE1EC = {
			isa = PBXGroup;
			children = (
				3B3CECFD1D181B94007AE1EC /* NewVIPAiOS */,
				3B3CECF61D181B94007AE1EC /* Frameworks */,
				3B3CECF51D181B94007AE1EC /* Products */,
			);
			sourceTree = "<group>";
		};
		3B3CECF51D181B94007AE1EC /* Products */ = {
			isa = PBXGroup;
			children = (
				3B3CECF41D181B94007AE1EC /* NewVIPAiOS.app */,
			);
			name = Products;
			sourceTree = "<group>";
		};
		3B3CECF61D181B94007AE1EC /* Frameworks */ = {
			isa = PBXGroup;
			children = (
				3B3CECF71D181B94007AE1EC /* UIKit.framework */,
				3B3CECF91D181B94007AE1EC /* Foundation.framework */,
				3B3CECFB1D181B94007AE1EC /* CoreGraphics.framework */,
			);
			name = Frameworks;
			sourceTree = "<group>";
		};
		3B3CECFD1D181B94007AE1EC /* NewVIPAiOS */ = {
			isa = PBXGroup;
			children = (
				3B3CED061D181B94007AE1EC /* AppDelegate.h */,
				3B3CED071D181B94007AE1EC /* AppDelegate.m */,
				3B3CED0F1D181B94007AE1EC /* ViewController.h */,
				3B3CED101D181B94007AE1EC /* ViewController.m */,
				3B3CED121D181B94007AE1EC /* ViewController.xib */,
				3B3CECFE1D181B94007AE1EC /* Supporting Files */,
			);
			path = NewVIPAiOS;
			sourceTree = "<group>";
		};
		3B3CECFE1D181B94007AE1EC /* Supporting Files */ = {
			isa = PBXGroup;
			children = (
				3B3CECFF1D181B94007AE1EC /* NewVIPAiOS-Info.plist */,
				3B3CED001D181B94007AE1EC /* InfoPlist.strings */,
				3B3CED031D181B94007AE1EC /* main.m */,
				3B3CED051D181B94007AE1EC /* NewVIPAiOS-Prefix.pch */,
				3B3CED091D181B94007AE1EC /* Default.png */,
				3B3CED0B1D181B94007AE1EC /* Default@2x.png */,
				3B3CED0D1D181B94007AE1EC /* Default-568h@2x.png */,
			);
			name = "Supporting Files";
			sourceTree = "<group>";
		};
/* End PBXGroup section */

/* Begin PBXNativeTarget section */
		3B3CECF31D181B94007AE1EC /* NewVIPAiOS */ = {
			isa = PBXNativeTarget;
			buildConfigurationList = 3B3CED171D181B94007AE1EC /* Build configuration list for PBXNativeTarget "NewVIPAiOS" */;
			buildPhases = (
				3B3CECF01D181B94007AE1EC /* Sources */,
				3B3CECF11D181B94007AE1EC /* Frameworks */,
				3B3CECF21D181B94007AE1EC /* Resources */,
			);
			buildRules = (
			);
			dependencies = (
			);
			name = NewVIPAiOS;
			productName = NewVIPAiOS;
			productReference = 3B3CECF41D181B94007AE1EC /* NewVIPAiOS.app */;
			productType = "com.apple.product-type.application";
		};
/* End PBXNativeTarget section */

/* Begin PBXProject section */
		3B3CECEC1D181B94007AE1EC /* Project object */ = {
			isa = PBXProject;
			attributes = {
				LastUpgradeCheck = 0460;
				ORGANIZATIONNAME = VIPA;
			};
			buildConfigurationList = 3B3CECEF1D181B94007AE1EC /* Build configuration list for PBXProject "NewVIPAiOS" */;
			compatibilityVersion = "Xcode 3.2";
			developmentRegion = English;
			hasScannedForEncodings = 0;
			knownRegions = (
				en,
			);
			mainGroup = 3B3CECEB1D181B94007AE1EC;
			productRefGroup = 3B3CECF51D181B94007AE1EC /* Products */;
			projectDirPath = "";
			projectRoot = "";
			targets = (
				3B3CECF31D181B94007AE1EC /* NewVIPAiOS */,
			);
		};
/* End PBXProject section */

/* Begin PBXResourcesBuildPhase section */
		3B3CECF21D181B94007AE1EC /* Resources */ = {
			isa = PBXResourcesBuildPhase;
			buildActionMask = 2147483647;
			files = (
				3B3CED021D181B94007AE1EC /* InfoPlist.strings in Resources */,
				3B3CED0A1D181B94007AE1EC /* Default.png in Resources */,
				3B3CED0C1D181B94007AE1EC /* Default@2x.png in Resources */,
				3B3CED0E1D181B94007AE1EC /* Default-568h@2x.png in Resources */,
				3B3CED141D181B94007AE1EC /* ViewController.xib in Resources */,
			);
			runOnlyForDeploymentPostprocessing = 0;
		};
/* End PBXResourcesBuildPhase section */

/* Begin PBXSourcesBuildPhase section */
		3B3CECF01D181B94007AE1EC /* Sources */ = {
			isa = PBXSourcesBuildPhase;
			buildActionMask = 2147483647;
			files = (
				3B3CED041D181B94007AE1EC /* main.m in Sources */,
				3B3CED081D181B94007AE1EC /* AppDelegate.m in Sources */,
				3B3CED111D181B94007AE1EC /* ViewController.m in Sources */,
			);
			runOnlyForDeploymentPostprocessing = 0;
		};
/* End PBXSourcesBuildPhase section */

/* Begin PBXVariantGroup section */
		3B3CED001D181B94007AE1EC /* InfoPlist.strings */ = {
			isa = PBXVariantGroup;
			children = (
				3B3CED011D181B94007AE1EC /* en */,
			);
			name = InfoPlist.strings;
			sourceTree = "<group>";
		};
		3B3CED121D181B94007AE1EC /* ViewController.xib */ = {
			isa = PBXVariantGroup;
			children = (
				3B3CED131D181B94007AE1EC /* en */,
			);
			name = ViewController.xib;
			sourceTree = "<group>";
		};
/* End PBXVariantGroup section */

/* Begin XCBuildConfiguration section */
		3B3CED151D181B94007AE1EC /* Debug */ = {
			isa = XCBuildConfiguration;
			buildSettings = {
				ALWAYS_SEARCH_USER_PATHS = NO;
				CLANG_CXX_LANGUAGE_STANDARD = "gnu++0x";
				CLANG_CXX_LIBRARY = "libc++";
				CLANG_ENABLE_OBJC_ARC = YES;
				CLANG_WARN_CONSTANT_CONVERSION = YES;
				CLANG_WARN_EMPTY_BODY = YES;
				CLANG_WARN_ENUM_CONVERSION = YES;
				CLANG_WARN_INT_CONVERSION = YES;
				CLANG_WARN__DUPLICATE_METHOD_MATCH = YES;
				"CODE_SIGN_IDENTITY[sdk=iphoneos*]" = "iPhone Developer";
				COPY_PHASE_STRIP = NO;
				GCC_C_LANGUAGE_STANDARD = gnu99;
				GCC_DYNAMIC_NO_PIC = NO;
				GCC_OPTIMIZATION_LEVEL = 0;
				GCC_PREPROCESSOR_DEFINITIONS = (
					"DEBUG=1",
					"$(inherited)",
				);
				GCC_SYMBOLS_PRIVATE_EXTERN = NO;
				GCC_WARN_ABOUT_RETURN_TYPE = YES;
				GCC_WARN_UNINITIALIZED_AUTOS = YES;
				GCC_WARN_UNUSED_VARIABLE = YES;
				IPHONEOS_DEPLOYMENT_TARGET = 6.1;
				ONLY_ACTIVE_ARCH = YES;
				SDKROOT = iphoneos;
			};
			name = Debug;
		};
		3B3CED161D181B94007AE1EC /* Release */ = {
			isa = XCBuildConfiguration;
			buildSettings = {
				ALWAYS_SEARCH_USER_PATHS = NO;
				CLANG_CXX_LANGUAGE_STANDARD = "gnu++0x";
				CLANG_CXX_LIBRARY = "libc++";
				CLANG_ENABLE_OBJC_ARC = YES;
				CLANG_WARN_CONSTANT_CONVERSION = YES;
				CLANG_WARN_EMPTY_BODY = YES;
				CLANG_WARN_ENUM_CONVERSION = YES;
				CLANG_WARN_INT_CONVERSION = YES;
				CLANG_WARN__DUPLICATE_METHOD_MATCH = YES;
				"CODE_SIGN_IDENTITY[sdk=iphoneos*]" = "iPhone Developer";
				COPY_PHASE_STRIP = YES;
				GCC_C_LANGUAGE_STANDARD = gnu99;
				GCC_WARN_ABOUT_RETURN_TYPE = YES;
				GCC_WARN_UNINITIALIZED_AUTOS = YES;
				GCC_WARN_UNUSED_VARIABLE = YES;
				IPHONEOS_DEPLOYMENT_TARGET = 6.1;
				OTHER_CFLAGS = "-DNS_BLOCK_ASSERTIONS=1";
				SDKROOT = iphoneos;
				VALIDATE_PRODUCT = YES;
			};
			name = Release;
		};
		3B3CED181D181B94007AE1EC /* Debug */ = {
			isa = XCBuildConfiguration;
			buildSettings = {
				GCC_PRECOMPILE_PREFIX_HEADER = YES;
				GCC_PREFIX_HEADER = "NewVIPAiOS/NewVIPAiOS-Prefix.pch";
				INFOPLIST_FILE = "NewVIPAiOS/NewVIPAiOS-Info.plist";
				PRODUCT_NAME = "$(TARGET_NAME)";
				WRAPPER_EXTENSION = app;
			};
			name = Debug;
		};
		3B3CED191D181B94007AE1EC /* Release */ = {
			isa = XCBuildConfiguration;
			buildSettings = {
				GCC_PRECOMPILE_PREFIX_HEADER = YES;
				GCC_PREFIX_HEADER = "NewVIPAiOS/NewVIPAiOS-Prefix.pch";
				INFOPLIST_FILE = "NewVIPAiOS/NewVIPAiOS-Info.plist";
				PRODUCT_NAME = "$(TARGET_NAME)";
				WRAPPER_EXTENSION = app;
			};
			name = Release;
		};
/* End XCBuildConfiguration section */

/* Begin XCConfigurationList section */
		3B3CECEF1D181B94007AE1EC /* Build configuration list for PBXProject "NewVIPAiOS" */ = {
			isa = XCConfigurationList;
			buildConfigurations = (
				3B3CED151D181B94007AE1EC /* Debug */,
				3B3CED161D181B94007AE1EC /* Release */,
			);
			defaultConfigurationIsVisible = 0;
			defaultConfigurationName = Release;
		};
		3B3CED171D181B94007AE1EC /* Build configuration list for PBXNativeTarget "NewVIPAiOS" */ = {
			isa = XCConfigurationList;
			buildConfigurations = (
				3B3CED181D181B94007AE1EC /* Debug */,
				3B3CED191D181B94007AE1EC /* Release */,
			);
			defaultConfigurationIsVisible = 0;
		};
/* End XCConfigurationList section */
	};
	rootObject = 3B3CECEC1D181B94007AE1EC /* Project object */;
}
